// !$*UTF8*$!
{
	archiveVersion = 1;
	classes = {
	};
	objectVersion = 50;
	objects = {

/* Begin PBXBuildFile section */
		A0D99324254F7BBB00997702 /* main.c in Sources */ = {isa = PBXBuildFile; fileRef = A0D99323254F7BBB00997702 /* main.c */; };
		A0D9932E254F7CAC00997702 /* reader.h in Sources */ = {isa = PBXBuildFile; fileRef = A0D9932D254F7CAC00997702 /* reader.h */; };
		A0D99332254F7E9B00997702 /* read_model.h in Sources */ = {isa = PBXBuildFile; fileRef = A0D99331254F7E9B00997702 /* read_model.h */; };
		A0D99335254F7F8500997702 /* page.h in Sources */ = {isa = PBXBuildFile; fileRef = A0D99334254F7F8500997702 /* page.h */; };
/* End PBXBuildFile section */

/* Begin PBXCopyFilesBuildPhase section */
		A0D9931E254F7BBB00997702 /* CopyFiles */ = {
			isa = PBXCopyFilesBuildPhase;
			buildActionMask = 2147483647;
			dstPath = /usr/share/man/man1/;
			dstSubfolderSpec = 0;
			files = (
			);
			runOnlyForDeploymentPostprocessing = 1;
		};
/* End PBXCopyFilesBuildPhase section */

/* Begin PBXFileReference section */
		A00ADDF325507AE000831698 /* saida.txt */ = {isa = PBXFileReference; lastKnownFileType = text; path = saida.txt; sourceTree = "<group>"; };
		A029F759255B811A0096FF79 /* fifo.h */ = {isa = PBXFileReference; lastKnownFileType = sourcecode.c.h; path = fifo.h; sourceTree = "<group>"; };
		A09C61C92550C3180024B862 /* algorithms.h */ = {isa = PBXFileReference; lastKnownFileType = sourcecode.c.h; path = algorithms.h; sourceTree = "<group>"; };
		A09C61CB2550C5020024B862 /* write_model.h */ = {isa = PBXFileReference; lastKnownFileType = sourcecode.c.h; path = write_model.h; sourceTree = "<group>"; };
		A0D99320254F7BBB00997702 /* MemoryPageReplacement */ = {isa = PBXFileReference; explicitFileType = "compiled.mach-o.executable"; includeInIndex = 0; path = MemoryPageReplacement; sourceTree = BUILT_PRODUCTS_DIR; };
		A0D99323254F7BBB00997702 /* main.c */ = {isa = PBXFileReference; lastKnownFileType = sourcecode.c.c; path = main.c; sourceTree = "<group>"; };
		A0D9932B254F7C0B00997702 /* entrada.txt */ = {isa = PBXFileReference; lastKnownFileType = text; path = entrada.txt; sourceTree = "<group>"; };
		A0D9932D254F7CAC00997702 /* reader.h */ = {isa = PBXFileReference; lastKnownFileType = sourcecode.c.h; path = reader.h; sourceTree = "<group>"; };
		A0D99331254F7E9B00997702 /* read_model.h */ = {isa = PBXFileReference; lastKnownFileType = sourcecode.c.h; path = read_model.h; sourceTree = "<group>"; };
		A0D99334254F7F8500997702 /* page.h */ = {isa = PBXFileReference; lastKnownFileType = sourcecode.c.h; path = page.h; sourceTree = "<group>"; };
		A0D99343254FA8B000997702 /* writer.h */ = {isa = PBXFileReference; lastKnownFileType = sourcecode.c.h; path = writer.h; sourceTree = "<group>"; };
		A0D99344254FA8C600997702 /* utils.h */ = {isa = PBXFileReference; lastKnownFileType = sourcecode.c.h; path = utils.h; sourceTree = "<group>"; };
/* End PBXFileReference section */

/* Begin PBXFrameworksBuildPhase section */
		A0D9931D254F7BBB00997702 /* Frameworks */ = {
			isa = PBXFrameworksBuildPhase;
			buildActionMask = 2147483647;
			files = (
			);
			runOnlyForDeploymentPostprocessing = 0;
		};
/* End PBXFrameworksBuildPhase section */

/* Begin PBXGroup section */
		A081AD602558D7490019334E /* Utils */ = {
			isa = PBXGroup;
			children = (
				A0D9932D254F7CAC00997702 /* reader.h */,
				A0D99343254FA8B000997702 /* writer.h */,
				A0D99344254FA8C600997702 /* utils.h */,
			);
			path = Utils;
			sourceTree = "<group>";
		};
		A09C61C82550C3020024B862 /* Algorithms */ = {
			isa = PBXGroup;
			children = (
				A029F759255B811A0096FF79 /* fifo.h */,
				A09C61C92550C3180024B862 /* algorithms.h */,
			);
			path = Algorithms;
			sourceTree = "<group>";
		};
		A0D99317254F7BBB00997702 = {
			isa = PBXGroup;
			children = (
				A0D99322254F7BBB00997702 /* MemoryPageReplacement */,
				A0D99321254F7BBB00997702 /* Products */,
			);
			sourceTree = "<group>";
		};
		A0D99321254F7BBB00997702 /* Products */ = {
			isa = PBXGroup;
			children = (
				A0D99320254F7BBB00997702 /* MemoryPageReplacement */,
			);
			name = Products;
			sourceTree = "<group>";
		};
		A0D99322254F7BBB00997702 /* MemoryPageReplacement */ = {
			isa = PBXGroup;
			children = (
				A081AD602558D7490019334E /* Utils */,
				A09C61C82550C3020024B862 /* Algorithms */,
				A0D99330254F7E6800997702 /* Structs */,
				A0D99323254F7BBB00997702 /* main.c */,
				A0D9932B254F7C0B00997702 /* entrada.txt */,
				A00ADDF325507AE000831698 /* saida.txt */,
			);
			path = MemoryPageReplacement;
			sourceTree = "<group>";
		};
		A0D99330254F7E6800997702 /* Structs */ = {
			isa = PBXGroup;
			children = (
				A0D99331254F7E9B00997702 /* read_model.h */,
				A09C61CB2550C5020024B862 /* write_model.h */,
				A0D99334254F7F8500997702 /* page.h */,
			);
			path = Structs;
			sourceTree = "<group>";
		};
/* End PBXGroup section */

/* Begin PBXNativeTarget section */
		A0D9931F254F7BBB00997702 /* MemoryPageReplacement */ = {
			isa = PBXNativeTarget;
			buildConfigurationList = A0D99327254F7BBB00997702 /* Build configuration list for PBXNativeTarget "MemoryPageReplacement" */;
			buildPhases = (
				A0D9931C254F7BBB00997702 /* Sources */,
				A0D9931D254F7BBB00997702 /* Frameworks */,
				A0D9931E254F7BBB00997702 /* CopyFiles */,
			);
			buildRules = (
			);
			dependencies = (
			);
			name = MemoryPageReplacement;
			productName = MemoryPageReplacement;
			productReference = A0D99320254F7BBB00997702 /* MemoryPageReplacement */;
			productType = "com.apple.product-type.tool";
		};
/* End PBXNativeTarget section */

/* Begin PBXProject section */
		A0D99318254F7BBB00997702 /* Project object */ = {
			isa = PBXProject;
			attributes = {
				LastUpgradeCheck = 1200;
				TargetAttributes = {
					A0D9931F254F7BBB00997702 = {
						CreatedOnToolsVersion = 12.0.1;
					};
				};
			};
			buildConfigurationList = A0D9931B254F7BBB00997702 /* Build configuration list for PBXProject "MemoryPageReplacement" */;
			compatibilityVersion = "Xcode 9.3";
			developmentRegion = en;
			hasScannedForEncodings = 0;
			knownRegions = (
				en,
				Base,
			);
			mainGroup = A0D99317254F7BBB00997702;
			productRefGroup = A0D99321254F7BBB00997702 /* Products */;
			projectDirPath = "";
			projectRoot = "";
			targets = (
				A0D9931F254F7BBB00997702 /* MemoryPageReplacement */,
			);
		};
/* End PBXProject section */

/* Begin PBXSourcesBuildPhase section */
		A0D9931C254F7BBB00997702 /* Sources */ = {
			isa = PBXSourcesBuildPhase;
			buildActionMask = 2147483647;
			files = (
				A0D99335254F7F8500997702 /* page.h in Sources */,
				A0D9932E254F7CAC00997702 /* reader.h in Sources */,
				A0D99332254F7E9B00997702 /* read_model.h in Sources */,
				A0D99324254F7BBB00997702 /* main.c in Sources */,
			);
			runOnlyForDeploymentPostprocessing = 0;
		};
/* End PBXSourcesBuildPhase section */

/* Begin XCBuildConfiguration section */
		A0D99325254F7BBB00997702 /* Debug */ = {
			isa = XCBuildConfiguration;
			buildSettings = {
				ALWAYS_SEARCH_USER_PATHS = NO;
				CLANG_ANALYZER_NONNULL = YES;
				CLANG_ANALYZER_NUMBER_OBJECT_CONVERSION = YES_AGGRESSIVE;
				CLANG_CXX_LANGUAGE_STANDARD = "gnu++14";
				CLANG_CXX_LIBRARY = "libc++";
				CLANG_ENABLE_MODULES = YES;
				CLANG_ENABLE_OBJC_ARC = YES;
				CLANG_ENABLE_OBJC_WEAK = YES;
				CLANG_WARN_BLOCK_CAPTURE_AUTORELEASING = YES;
				CLANG_WARN_BOOL_CONVERSION = YES;
				CLANG_WARN_COMMA = YES;
				CLANG_WARN_CONSTANT_CONVERSION = YES;
				CLANG_WARN_DEPRECATED_OBJC_IMPLEMENTATIONS = YES;
				CLANG_WARN_DIRECT_OBJC_ISA_USAGE = YES_ERROR;
				CLANG_WARN_DOCUMENTATION_COMMENTS = YES;
				CLANG_WARN_EMPTY_BODY = YES;
				CLANG_WARN_ENUM_CONVERSION = YES;
				CLANG_WARN_INFINITE_RECURSION = YES;
				CLANG_WARN_INT_CONVERSION = YES;
				CLANG_WARN_NON_LITERAL_NULL_CONVERSION = YES;
				CLANG_WARN_OBJC_IMPLICIT_RETAIN_SELF = YES;
				CLANG_WARN_OBJC_LITERAL_CONVERSION = YES;
				CLANG_WARN_OBJC_ROOT_CLASS = YES_ERROR;
				CLANG_WARN_QUOTED_INCLUDE_IN_FRAMEWORK_HEADER = YES;
				CLANG_WARN_RANGE_LOOP_ANALYSIS = YES;
				CLANG_WARN_STRICT_PROTOTYPES = YES;
				CLANG_WARN_SUSPICIOUS_MOVE = YES;
				CLANG_WARN_UNGUARDED_AVAILABILITY = YES_AGGRESSIVE;
				CLANG_WARN_UNREACHABLE_CODE = YES;
				CLANG_WARN__DUPLICATE_METHOD_MATCH = YES;
				COPY_PHASE_STRIP = NO;
				DEBUG_INFORMATION_FORMAT = dwarf;
				ENABLE_STRICT_OBJC_MSGSEND = YES;
				ENABLE_TESTABILITY = YES;
				GCC_C_LANGUAGE_STANDARD = gnu11;
				GCC_DYNAMIC_NO_PIC = NO;
				GCC_NO_COMMON_BLOCKS = YES;
				GCC_OPTIMIZATION_LEVEL = 0;
				GCC_PREPROCESSOR_DEFINITIONS = (
					"DEBUG=1",
					"$(inherited)",
				);
				GCC_WARN_64_TO_32_BIT_CONVERSION = YES;
				GCC_WARN_ABOUT_RETURN_TYPE = YES_ERROR;
				GCC_WARN_UNDECLARED_SELECTOR = YES;
				GCC_WARN_UNINITIALIZED_AUTOS = YES_AGGRESSIVE;
				GCC_WARN_UNUSED_FUNCTION = YES;
				GCC_WARN_UNUSED_VARIABLE = YES;
				MACOSX_DEPLOYMENT_TARGET = 10.15;
				MTL_ENABLE_DEBUG_INFO = INCLUDE_SOURCE;
				MTL_FAST_MATH = YES;
				ONLY_ACTIVE_ARCH = YES;
				SDKROOT = macosx;
			};
			name = Debug;
		};
		A0D99326254F7BBB00997702 /* Release */ = {
			isa = XCBuildConfiguration;
			buildSettings = {
				ALWAYS_SEARCH_USER_PATHS = NO;
				CLANG_ANALYZER_NONNULL = YES;
				CLANG_ANALYZER_NUMBER_OBJECT_CONVERSION = YES_AGGRESSIVE;
				CLANG_CXX_LANGUAGE_STANDARD = "gnu++14";
				CLANG_CXX_LIBRARY = "libc++";
				CLANG_ENABLE_MODULES = YES;
				CLANG_ENABLE_OBJC_ARC = YES;
				CLANG_ENABLE_OBJC_WEAK = YES;
				CLANG_WARN_BLOCK_CAPTURE_AUTORELEASING = YES;
				CLANG_WARN_BOOL_CONVERSION = YES;
				CLANG_WARN_COMMA = YES;
				CLANG_WARN_CONSTANT_CONVERSION = YES;
				CLANG_WARN_DEPRECATED_OBJC_IMPLEMENTATIONS = YES;
				CLANG_WARN_DIRECT_OBJC_ISA_USAGE = YES_ERROR;
				CLANG_WARN_DOCUMENTATION_COMMENTS = YES;
				CLANG_WARN_EMPTY_BODY = YES;
				CLANG_WARN_ENUM_CONVERSION = YES;
				CLANG_WARN_INFINITE_RECURSION = YES;
				CLANG_WARN_INT_CONVERSION = YES;
				CLANG_WARN_NON_LITERAL_NULL_CONVERSION = YES;
				CLANG_WARN_OBJC_IMPLICIT_RETAIN_SELF = YES;
				CLANG_WARN_OBJC_LITERAL_CONVERSION = YES;
				CLANG_WARN_OBJC_ROOT_CLASS = YES_ERROR;
				CLANG_WARN_QUOTED_INCLUDE_IN_FRAMEWORK_HEADER = YES;
				CLANG_WARN_RANGE_LOOP_ANALYSIS = YES;
				CLANG_WARN_STRICT_PROTOTYPES = YES;
				CLANG_WARN_SUSPICIOUS_MOVE = YES;
				CLANG_WARN_UNGUARDED_AVAILABILITY = YES_AGGRESSIVE;
				CLANG_WARN_UNREACHABLE_CODE = YES;
				CLANG_WARN__DUPLICATE_METHOD_MATCH = YES;
				COPY_PHASE_STRIP = NO;
				DEBUG_INFORMATION_FORMAT = "dwarf-with-dsym";
				ENABLE_NS_ASSERTIONS = NO;
				ENABLE_STRICT_OBJC_MSGSEND = YES;
				GCC_C_LANGUAGE_STANDARD = gnu11;
				GCC_NO_COMMON_BLOCKS = YES;
				GCC_WARN_64_TO_32_BIT_CONVERSION = YES;
				GCC_WARN_ABOUT_RETURN_TYPE = YES_ERROR;
				GCC_WARN_UNDECLARED_SELECTOR = YES;
				GCC_WARN_UNINITIALIZED_AUTOS = YES_AGGRESSIVE;
				GCC_WARN_UNUSED_FUNCTION = YES;
				GCC_WARN_UNUSED_VARIABLE = YES;
				MACOSX_DEPLOYMENT_TARGET = 10.15;
				MTL_ENABLE_DEBUG_INFO = NO;
				MTL_FAST_MATH = YES;
				SDKROOT = macosx;
			};
			name = Release;
		};
		A0D99328254F7BBB00997702 /* Debug */ = {
			isa = XCBuildConfiguration;
			buildSettings = {
				CODE_SIGN_STYLE = Automatic;
				PRODUCT_NAME = "$(TARGET_NAME)";
			};
			name = Debug;
		};
		A0D99329254F7BBB00997702 /* Release */ = {
			isa = XCBuildConfiguration;
			buildSettings = {
				CODE_SIGN_STYLE = Automatic;
				PRODUCT_NAME = "$(TARGET_NAME)";
			};
			name = Release;
		};
/* End XCBuildConfiguration section */

/* Begin XCConfigurationList section */
		A0D9931B254F7BBB00997702 /* Build configuration list for PBXProject "MemoryPageReplacement" */ = {
			isa = XCConfigurationList;
			buildConfigurations = (
				A0D99325254F7BBB00997702 /* Debug */,
				A0D99326254F7BBB00997702 /* Release */,
			);
			defaultConfigurationIsVisible = 0;
			defaultConfigurationName = Release;
		};
		A0D99327254F7BBB00997702 /* Build configuration list for PBXNativeTarget "MemoryPageReplacement" */ = {
			isa = XCConfigurationList;
			buildConfigurations = (
				A0D99328254F7BBB00997702 /* Debug */,
				A0D99329254F7BBB00997702 /* Release */,
			);
			defaultConfigurationIsVisible = 0;
			defaultConfigurationName = Release;
		};
/* End XCConfigurationList section */
	};
	rootObject = A0D99318254F7BBB00997702 /* Project object */;
}
